# This file is autogenerated, do not edit; changes may be undone by the next 'dep ensure'.


[[projects]]
  branch = "master"
  name = "github.com/nfnt/resize"
  packages = ["."]
  revision = "83c6a9932646f83e3267f353373d47347b6036b2"

[[projects]]
  name = "github.com/russross/blackfriday"
  packages = ["."]
  revision = "cadec560ec52d93835bf2f15bd794700d3a2473b"
  version = "v2.0.0"

[[projects]]
  branch = "master"
  name = "github.com/shurcooL/sanitized_anchor_name"
  packages = ["."]
  revision = "86672fcb3f950f35f2e675df2240550f2a50762f"

[[projects]]
  branch = "master"
  name = "golang.org/x/net"
  packages = [
    "html",
    "html/atom"
  ]
  revision = "d0887baf81f4598189d4e12a37c6da86f0bba4d0"

[solve-meta]
  analyzer-name = "dep"
  analyzer-version = 1
  inputs-digest = "bf6b7148d50904a464d4ac8a973cb9758bf1b951824d6ec5359a473c1f7cef9e"
  solver-name = "gps-cdcl"
  solver-version = 1
